# THIS IS AN AUTOGENERATED FILE. DO NOT EDIT THIS FILE DIRECTLY.
# yarn lockfile v1


"@babel/parser@7.14.1":
  version "7.14.1"
  resolved "https://registry.yarnpkg.com/@babel/parser/-/parser-7.14.1.tgz#1bd644b5db3f5797c4479d89ec1817fe02b84c47"
  integrity sha512-muUGEKu8E/ftMTPlNp+mc6zL3E9zKWmF5sDHZ5MSsoTP9Wyz64AhEf9kD08xYJ7w6Hdcu8H550ircnPyWSIF0Q==
